
Microsoft Visual Studio Solution File, Format Version 12.00
# Visual Studio Version 17
VisualStudioVersion = 17.3.32929.385
MinimumVisualStudioVersion = 10.0.40219.1
Project("{FAE04EC0-301F-11D3-BF4B-00C04F79EFBC}") = "DictionaryDemo", "DictionaryDemo.csproj", "{81C6390E-B4DC-4B95-AB67-8B96F195F14D}"
EndProject
Global
	GlobalSection(SolutionConfigurationPlatforms) = preSolution
		Debug|Any CPU = Debug|Any CPU
		Release|Any CPU = Release|Any CPU
	EndGlobalSection
	GlobalSection(ProjectConfigurationPlatforms) = postSolution
		{81C6390E-B4DC-4B95-AB67-8B96F195F14D}.Debug|Any CPU.ActiveCfg = Debug|Any CPU
		{81C6390E-B4DC-4B95-AB67-8B96F195F14D}.Debug|Any CPU.Build.0 = Debug|Any CPU
		{81C6390E-B4DC-4B95-AB67-8B96F195F14D}.Release|Any CPU.ActiveCfg = Release|Any CPU
		{81C6390E-B4DC-4B95-AB67-8B96F195F14D}.Release|Any CPU.Build.0 = Release|Any CPU
	EndGlobalSection
	GlobalSection(SolutionProperties) = preSolution
		HideSolutionNode = FALSE
	EndGlobalSection
	GlobalSection(ExtensibilityGlobals) = postSolution
		SolutionGuid = {894E2750-024C-498C-A8D6-8A1C41E2BB45}
	EndGlobalSection
EndGlobal
